Microsoft Visual Studio Solution File, Format Version 12.00
# Visual Studio 2012
Project("{FAE04EC0-301F-11D3-BF4B-00C04F79EFBC}") = "ryby łowienie", "ryby łowienie.csproj", "{EF6AC2E8-0298-477C-B605-7DEBA763DC35}"
EndProject
Global
	GlobalSection(SolutionConfigurationPlatforms) = preSolution
	Debug|Any CPU = Debug|Any CPU
	ExportDebug|Any CPU = ExportDebug|Any CPU
	ExportRelease|Any CPU = ExportRelease|Any CPU
	EndGlobalSection
	GlobalSection(ProjectConfigurationPlatforms) = postSolution
		{EF6AC2E8-0298-477C-B605-7DEBA763DC35}.Debug|Any CPU.ActiveCfg = Debug|Any CPU
		{EF6AC2E8-0298-477C-B605-7DEBA763DC35}.Debug|Any CPU.Build.0 = Debug|Any CPU
		{EF6AC2E8-0298-477C-B605-7DEBA763DC35}.ExportDebug|Any CPU.ActiveCfg = ExportDebug|Any CPU
		{EF6AC2E8-0298-477C-B605-7DEBA763DC35}.ExportDebug|Any CPU.Build.0 = ExportDebug|Any CPU
		{EF6AC2E8-0298-477C-B605-7DEBA763DC35}.ExportRelease|Any CPU.ActiveCfg = ExportRelease|Any CPU
		{EF6AC2E8-0298-477C-B605-7DEBA763DC35}.ExportRelease|Any CPU.Build.0 = ExportRelease|Any CPU
	EndGlobalSection
EndGlobal
